
Microsoft Visual Studio Solution File, Format Version 12.00
# Visual Studio 15
VisualStudioVersion = 15.0.28307.421
MinimumVisualStudioVersion = 10.0.40219.1
Project("{2150E333-8FDC-42A3-9474-1A3956D46DE8}") = "Solution Items", "Solution Items", "{744A887A-9D0A-4CF2-9D92-B1DBAECF5ED7}"
	ProjectSection(SolutionItems) = preProject
		SoftIniDB Query.sql = SoftIniDB Query.sql
	EndProjectSection
EndProject
Project("{FAE04EC0-301F-11D3-BF4B-00C04F79EFBC}") = "SoftUni", "SoftUniDB\SoftUni.csproj", "{F07CB64C-6A5D-483C-8133-08541CFFB0FE}"
EndProject
Global
	GlobalSection(SolutionConfigurationPlatforms) = preSolution
		Debug|Any CPU = Debug|Any CPU
		Release|Any CPU = Release|Any CPU
	EndGlobalSection
	GlobalSection(ProjectConfigurationPlatforms) = postSolution
		{F07CB64C-6A5D-483C-8133-08541CFFB0FE}.Debug|Any CPU.ActiveCfg = Debug|Any CPU
		{F07CB64C-6A5D-483C-8133-08541CFFB0FE}.Debug|Any CPU.Build.0 = Debug|Any CPU
		{F07CB64C-6A5D-483C-8133-08541CFFB0FE}.Release|Any CPU.ActiveCfg = Release|Any CPU
		{F07CB64C-6A5D-483C-8133-08541CFFB0FE}.Release|Any CPU.Build.0 = Release|Any CPU
	EndGlobalSection
	GlobalSection(SolutionProperties) = preSolution
		HideSolutionNode = FALSE
	EndGlobalSection
	GlobalSection(ExtensibilityGlobals) = postSolution
		SolutionGuid = {A11863B8-8375-4669-83C1-97B43BF3D713}
	EndGlobalSection
EndGlobal
