
Microsoft Visual Studio Solution File, Format Version 12.00
# Visual Studio 15
VisualStudioVersion = 15.0.28307.438
MinimumVisualStudioVersion = 10.0.40219.1
Project("{FAE04EC0-301F-11D3-BF4B-00C04F79EFBC}") = "P01_HospitalDatabase", "P01_HospitalDatabase\P01_HospitalDatabase.csproj", "{3CEDD699-5648-4534-A5CC-DD6198750F80}"
EndProject
Project("{FAE04EC0-301F-11D3-BF4B-00C04F79EFBC}") = "NudetPackages", "NudetPackages\NudetPackages.csproj", "{EBACE90A-3618-4F8F-B39E-FB7CDE282A6B}"
EndProject
Global
	GlobalSection(SolutionConfigurationPlatforms) = preSolution
		Debug|Any CPU = Debug|Any CPU
		Release|Any CPU = Release|Any CPU
	EndGlobalSection
	GlobalSection(ProjectConfigurationPlatforms) = postSolution
		{3CEDD699-5648-4534-A5CC-DD6198750F80}.Debug|Any CPU.ActiveCfg = Debug|Any CPU
		{3CEDD699-5648-4534-A5CC-DD6198750F80}.Debug|Any CPU.Build.0 = Debug|Any CPU
		{3CEDD699-5648-4534-A5CC-DD6198750F80}.Release|Any CPU.ActiveCfg = Release|Any CPU
		{3CEDD699-5648-4534-A5CC-DD6198750F80}.Release|Any CPU.Build.0 = Release|Any CPU
		{EBACE90A-3618-4F8F-B39E-FB7CDE282A6B}.Debug|Any CPU.ActiveCfg = Debug|Any CPU
		{EBACE90A-3618-4F8F-B39E-FB7CDE282A6B}.Debug|Any CPU.Build.0 = Debug|Any CPU
		{EBACE90A-3618-4F8F-B39E-FB7CDE282A6B}.Release|Any CPU.ActiveCfg = Release|Any CPU
		{EBACE90A-3618-4F8F-B39E-FB7CDE282A6B}.Release|Any CPU.Build.0 = Release|Any CPU
	EndGlobalSection
	GlobalSection(SolutionProperties) = preSolution
		HideSolutionNode = FALSE
	EndGlobalSection
	GlobalSection(ExtensibilityGlobals) = postSolution
		SolutionGuid = {0E1887AB-1120-4E2B-A48D-C33C1A6883EA}
	EndGlobalSection
EndGlobal
